// !$*UTF8*$!
{
	archiveVersion = 1;
	classes = {
	};
	objectVersion = 55;
	objects = {

/* Begin PBXBuildFile section */
		FC38873A285077EA00F5922A /* XCTestExtensions.swift in Sources */ = {isa = PBXBuildFile; fileRef = FC388739285077EA00F5922A /* XCTestExtensions.swift */; };
		FC38873C28507DFA00F5922A /* LinearIndex.swift in Sources */ = {isa = PBXBuildFile; fileRef = FC38873B28507DFA00F5922A /* LinearIndex.swift */; };
		FC38873E28507E1400F5922A /* TrieTextIndex.swift in Sources */ = {isa = PBXBuildFile; fileRef = FC38873D28507E1400F5922A /* TrieTextIndex.swift */; };
		FC5CC47C28514C5100D02FD1 /* IndexedCitiesRepositoryTests.swift in Sources */ = {isa = PBXBuildFile; fileRef = FC5CC47B28514C5100D02FD1 /* IndexedCitiesRepositoryTests.swift */; };
		FC5CC47E2851DCCA00D02FD1 /* IndexedCitiesRepository.swift in Sources */ = {isa = PBXBuildFile; fileRef = FC5CC47D2851DCCA00D02FD1 /* IndexedCitiesRepository.swift */; };
		FC5CC4802852004C00D02FD1 /* Repositories.swift in Sources */ = {isa = PBXBuildFile; fileRef = FC5CC47F2852004B00D02FD1 /* Repositories.swift */; };
		FC5CC482285205AD00D02FD1 /* CitySearchModel.swift in Sources */ = {isa = PBXBuildFile; fileRef = FC5CC481285205AD00D02FD1 /* CitySearchModel.swift */; };
		FC5CC4842852068300D02FD1 /* CitySearchModelTests.swift in Sources */ = {isa = PBXBuildFile; fileRef = FC5CC4832852068300D02FD1 /* CitySearchModelTests.swift */; };
		FC5CC48628520DE600D02FD1 /* MockTextIndex.swift in Sources */ = {isa = PBXBuildFile; fileRef = FC5CC48528520DE600D02FD1 /* MockTextIndex.swift */; };
		FC5CC48828520E0200D02FD1 /* MockCitiesRepository.swift in Sources */ = {isa = PBXBuildFile; fileRef = FC5CC48728520E0200D02FD1 /* MockCitiesRepository.swift */; };
		FC5CC48D285235EB00D02FD1 /* SearchViewControllerTests.swift in Sources */ = {isa = PBXBuildFile; fileRef = FC5CC48C285235EB00D02FD1 /* SearchViewControllerTests.swift */; };
		FC5CC48F28523A2000D02FD1 /* Models.swift in Sources */ = {isa = PBXBuildFile; fileRef = FC5CC48E28523A2000D02FD1 /* Models.swift */; };
		FC5CC49228523C8C00D02FD1 /* SearchModuleBuilder.swift in Sources */ = {isa = PBXBuildFile; fileRef = FC5CC49128523C8C00D02FD1 /* SearchModuleBuilder.swift */; };
		FC5CC49428523ED700D02FD1 /* Builders.swift in Sources */ = {isa = PBXBuildFile; fileRef = FC5CC49328523ED700D02FD1 /* Builders.swift */; };
		FC5CC4962852418400D02FD1 /* MockCitySearchModel.swift in Sources */ = {isa = PBXBuildFile; fileRef = FC5CC4952852418400D02FD1 /* MockCitySearchModel.swift */; };
		FC5CC49C285245C300D02FD1 /* CitySampleData.swift in Sources */ = {isa = PBXBuildFile; fileRef = FC5CC49B285245C300D02FD1 /* CitySampleData.swift */; };
		FC5CC49F28524AA800D02FD1 /* SearchResultView.swift in Sources */ = {isa = PBXBuildFile; fileRef = FC5CC49E28524AA800D02FD1 /* SearchResultView.swift */; };
		FC5CC4A128531B2A00D02FD1 /* TestSearchModuleBuilder.swift in Sources */ = {isa = PBXBuildFile; fileRef = FC5CC4A028531B2A00D02FD1 /* TestSearchModuleBuilder.swift */; };
		FC5CC4A3285324F000D02FD1 /* CombineExtensions.swift in Sources */ = {isa = PBXBuildFile; fileRef = FC5CC4A2285324F000D02FD1 /* CombineExtensions.swift */; };
		FC5CC4A52853282D00D02FD1 /* ApplicationModuleBuilder.swift in Sources */ = {isa = PBXBuildFile; fileRef = FC5CC4A42853282D00D02FD1 /* ApplicationModuleBuilder.swift */; };
		FC5CC4A728533B5B00D02FD1 /* SearchResultCellConfigurationBuilder.swift in Sources */ = {isa = PBXBuildFile; fileRef = FC5CC4A628533B5B00D02FD1 /* SearchResultCellConfigurationBuilder.swift */; };
		FC5CC4A928534AD500D02FD1 /* TestCitiesRepositoryBuilder.swift in Sources */ = {isa = PBXBuildFile; fileRef = FC5CC4A828534AD500D02FD1 /* TestCitiesRepositoryBuilder.swift */; };
		FC5CC4AB28534D4A00D02FD1 /* XCTestExtensions.swift in Sources */ = {isa = PBXBuildFile; fileRef = FC5CC4AA28534D4A00D02FD1 /* XCTestExtensions.swift */; };
		FC5CC4AE2853763600D02FD1 /* CitySearchUIPerformanceTests.swift in Sources */ = {isa = PBXBuildFile; fileRef = FC5CC4AD2853763600D02FD1 /* CitySearchUIPerformanceTests.swift */; };
		FC5CC4B028537C2300D02FD1 /* MapModuleBuilder.swift in Sources */ = {isa = PBXBuildFile; fileRef = FC5CC4AF28537C2300D02FD1 /* MapModuleBuilder.swift */; };
		FC5CC4B228537CDC00D02FD1 /* MapViewController.swift in Sources */ = {isa = PBXBuildFile; fileRef = FC5CC4B128537CDC00D02FD1 /* MapViewController.swift */; };
		FC5CC4B528537E0F00D02FD1 /* BuilderPresentingCoordinator.swift in Sources */ = {isa = PBXBuildFile; fileRef = FC5CC4B428537E0F00D02FD1 /* BuilderPresentingCoordinator.swift */; };
		FC5CC4B728537F7C00D02FD1 /* CoordinatorProtocol.swift in Sources */ = {isa = PBXBuildFile; fileRef = FC5CC4B628537F7C00D02FD1 /* CoordinatorProtocol.swift */; };
		FC5CC4BB285384F700D02FD1 /* PresentingCoordinator.swift in Sources */ = {isa = PBXBuildFile; fileRef = FC5CC4BA285384F700D02FD1 /* PresentingCoordinator.swift */; };
		FC5CC4BD2853872E00D02FD1 /* NavigationCoordinator.swift in Sources */ = {isa = PBXBuildFile; fileRef = FC5CC4BC2853872E00D02FD1 /* NavigationCoordinator.swift */; };
		FC5CC4BF28538C2500D02FD1 /* SearchCoordinator.swift in Sources */ = {isa = PBXBuildFile; fileRef = FC5CC4BE28538C2500D02FD1 /* SearchCoordinator.swift */; };
		FC5CC4C128538E0000D02FD1 /* WindowCoordinator.swift in Sources */ = {isa = PBXBuildFile; fileRef = FC5CC4C028538DFF00D02FD1 /* WindowCoordinator.swift */; };
		FC5CC4C5285391D800D02FD1 /* AnyCoordinator.swift in Sources */ = {isa = PBXBuildFile; fileRef = FC5CC4C4285391D800D02FD1 /* AnyCoordinator.swift */; };
		FC5CC4C72853F6B800D02FD1 /* ApplicationCoordinatorBuilder.swift in Sources */ = {isa = PBXBuildFile; fileRef = FC5CC4C62853F6B800D02FD1 /* ApplicationCoordinatorBuilder.swift */; };
		FC5CC4C92853FA5F00D02FD1 /* Environment.swift in Sources */ = {isa = PBXBuildFile; fileRef = FC5CC4C82853FA5E00D02FD1 /* Environment.swift */; };
		FC660C4D284F88470074A213 /* AppDelegate.swift in Sources */ = {isa = PBXBuildFile; fileRef = FC660C4C284F88470074A213 /* AppDelegate.swift */; };
		FC660C4F284F88470074A213 /* SceneDelegate.swift in Sources */ = {isa = PBXBuildFile; fileRef = FC660C4E284F88470074A213 /* SceneDelegate.swift */; };
		FC660C51284F88470074A213 /* SearchViewController.swift in Sources */ = {isa = PBXBuildFile; fileRef = FC660C50284F88470074A213 /* SearchViewController.swift */; };
		FC660C56284F88490074A213 /* Assets.xcassets in Resources */ = {isa = PBXBuildFile; fileRef = FC660C55284F88490074A213 /* Assets.xcassets */; };
		FC660C59284F88490074A213 /* LaunchScreen.storyboard in Resources */ = {isa = PBXBuildFile; fileRef = FC660C57284F88490074A213 /* LaunchScreen.storyboard */; };
		FC660C6E284F88490074A213 /* CitySearchUITests.swift in Sources */ = {isa = PBXBuildFile; fileRef = FC660C6D284F88490074A213 /* CitySearchUITests.swift */; };
		FC660C70284F88490074A213 /* CitySearchUITestsLaunchTests.swift in Sources */ = {isa = PBXBuildFile; fileRef = FC660C6F284F88490074A213 /* CitySearchUITestsLaunchTests.swift */; };
		FC660C82284F99520074A213 /* BaselineTests.swift in Sources */ = {isa = PBXBuildFile; fileRef = FC660C81284F99520074A213 /* BaselineTests.swift */; };
		FC660C83284F9D3F0074A213 /* cities.json in Resources */ = {isa = PBXBuildFile; fileRef = FC660C7C284F885D0074A213 /* cities.json */; };
		FC660C84284F9D420074A213 /* cities.json in Resources */ = {isa = PBXBuildFile; fileRef = FC660C7C284F885D0074A213 /* cities.json */; };
		FC660C86284FA0390074A213 /* TextIndexAcceptanceTests.swift in Sources */ = {isa = PBXBuildFile; fileRef = FC660C85284FA0390074A213 /* TextIndexAcceptanceTests.swift */; };
		FC660C8C284FD6B00074A213 /* TextIndex.swift in Sources */ = {isa = PBXBuildFile; fileRef = FC660C8B284FD6B00074A213 /* TextIndex.swift */; };
/* End PBXBuildFile section */

/* Begin PBXContainerItemProxy section */
		FC660C60284F88490074A213 /* PBXContainerItemProxy */ = {
			isa = PBXContainerItemProxy;
			containerPortal = FC660C41284F88470074A213 /* Project object */;
			proxyType = 1;
			remoteGlobalIDString = FC660C48284F88470074A213;
			remoteInfo = CitySearch;
		};
		FC660C6A284F88490074A213 /* PBXContainerItemProxy */ = {
			isa = PBXContainerItemProxy;
			containerPortal = FC660C41284F88470074A213 /* Project object */;
			proxyType = 1;
			remoteGlobalIDString = FC660C48284F88470074A213;
			remoteInfo = CitySearch;
		};
/* End PBXContainerItemProxy section */

/* Begin PBXFileReference section */
		FC388739285077EA00F5922A /* XCTestExtensions.swift */ = {isa = PBXFileReference; lastKnownFileType = sourcecode.swift; path = XCTestExtensions.swift; sourceTree = "<group>"; };
		FC38873B28507DFA00F5922A /* LinearIndex.swift */ = {isa = PBXFileReference; lastKnownFileType = sourcecode.swift; path = LinearIndex.swift; sourceTree = "<group>"; };
		FC38873D28507E1400F5922A /* TrieTextIndex.swift */ = {isa = PBXFileReference; lastKnownFileType = sourcecode.swift; path = TrieTextIndex.swift; sourceTree = "<group>"; };
		FC5CC47B28514C5100D02FD1 /* IndexedCitiesRepositoryTests.swift */ = {isa = PBXFileReference; lastKnownFileType = sourcecode.swift; path = IndexedCitiesRepositoryTests.swift; sourceTree = "<group>"; };
		FC5CC47D2851DCCA00D02FD1 /* IndexedCitiesRepository.swift */ = {isa = PBXFileReference; lastKnownFileType = sourcecode.swift; path = IndexedCitiesRepository.swift; sourceTree = "<group>"; };
		FC5CC47F2852004B00D02FD1 /* Repositories.swift */ = {isa = PBXFileReference; lastKnownFileType = sourcecode.swift; path = Repositories.swift; sourceTree = "<group>"; };
		FC5CC481285205AD00D02FD1 /* CitySearchModel.swift */ = {isa = PBXFileReference; lastKnownFileType = sourcecode.swift; path = CitySearchModel.swift; sourceTree = "<group>"; };
		FC5CC4832852068300D02FD1 /* CitySearchModelTests.swift */ = {isa = PBXFileReference; lastKnownFileType = sourcecode.swift; path = CitySearchModelTests.swift; sourceTree = "<group>"; };
		FC5CC48528520DE600D02FD1 /* MockTextIndex.swift */ = {isa = PBXFileReference; lastKnownFileType = sourcecode.swift; path = MockTextIndex.swift; sourceTree = "<group>"; };
		FC5CC48728520E0200D02FD1 /* MockCitiesRepository.swift */ = {isa = PBXFileReference; lastKnownFileType = sourcecode.swift; path = MockCitiesRepository.swift; sourceTree = "<group>"; };
		FC5CC48C285235EB00D02FD1 /* SearchViewControllerTests.swift */ = {isa = PBXFileReference; lastKnownFileType = sourcecode.swift; path = SearchViewControllerTests.swift; sourceTree = "<group>"; };
		FC5CC48E28523A2000D02FD1 /* Models.swift */ = {isa = PBXFileReference; lastKnownFileType = sourcecode.swift; path = Models.swift; sourceTree = "<group>"; };
		FC5CC49128523C8C00D02FD1 /* SearchModuleBuilder.swift */ = {isa = PBXFileReference; lastKnownFileType = sourcecode.swift; path = SearchModuleBuilder.swift; sourceTree = "<group>"; };
		FC5CC49328523ED700D02FD1 /* Builders.swift */ = {isa = PBXFileReference; lastKnownFileType = sourcecode.swift; path = Builders.swift; sourceTree = "<group>"; };
		FC5CC4952852418400D02FD1 /* MockCitySearchModel.swift */ = {isa = PBXFileReference; lastKnownFileType = sourcecode.swift; path = MockCitySearchModel.swift; sourceTree = "<group>"; };
		FC5CC49B285245C300D02FD1 /* CitySampleData.swift */ = {isa = PBXFileReference; lastKnownFileType = sourcecode.swift; path = CitySampleData.swift; sourceTree = "<group>"; };
		FC5CC49E28524AA800D02FD1 /* SearchResultView.swift */ = {isa = PBXFileReference; lastKnownFileType = sourcecode.swift; path = SearchResultView.swift; sourceTree = "<group>"; };
		FC5CC4A028531B2A00D02FD1 /* TestSearchModuleBuilder.swift */ = {isa = PBXFileReference; lastKnownFileType = sourcecode.swift; path = TestSearchModuleBuilder.swift; sourceTree = "<group>"; };
		FC5CC4A2285324F000D02FD1 /* CombineExtensions.swift */ = {isa = PBXFileReference; lastKnownFileType = sourcecode.swift; path = CombineExtensions.swift; sourceTree = "<group>"; };
		FC5CC4A42853282D00D02FD1 /* ApplicationModuleBuilder.swift */ = {isa = PBXFileReference; lastKnownFileType = sourcecode.swift; path = ApplicationModuleBuilder.swift; sourceTree = "<group>"; };
		FC5CC4A628533B5B00D02FD1 /* SearchResultCellConfigurationBuilder.swift */ = {isa = PBXFileReference; lastKnownFileType = sourcecode.swift; path = SearchResultCellConfigurationBuilder.swift; sourceTree = "<group>"; };
		FC5CC4A828534AD500D02FD1 /* TestCitiesRepositoryBuilder.swift */ = {isa = PBXFileReference; lastKnownFileType = sourcecode.swift; path = TestCitiesRepositoryBuilder.swift; sourceTree = "<group>"; };
		FC5CC4AA28534D4A00D02FD1 /* XCTestExtensions.swift */ = {isa = PBXFileReference; lastKnownFileType = sourcecode.swift; path = XCTestExtensions.swift; sourceTree = "<group>"; };
		FC5CC4AC285374A300D02FD1 /* JOURNAL.md */ = {isa = PBXFileReference; lastKnownFileType = net.daringfireball.markdown; path = JOURNAL.md; sourceTree = "<group>"; };
		FC5CC4AD2853763600D02FD1 /* CitySearchUIPerformanceTests.swift */ = {isa = PBXFileReference; lastKnownFileType = sourcecode.swift; path = CitySearchUIPerformanceTests.swift; sourceTree = "<group>"; };
		FC5CC4AF28537C2300D02FD1 /* MapModuleBuilder.swift */ = {isa = PBXFileReference; lastKnownFileType = sourcecode.swift; path = MapModuleBuilder.swift; sourceTree = "<group>"; };
		FC5CC4B128537CDC00D02FD1 /* MapViewController.swift */ = {isa = PBXFileReference; lastKnownFileType = sourcecode.swift; path = MapViewController.swift; sourceTree = "<group>"; };
		FC5CC4B428537E0F00D02FD1 /* BuilderPresentingCoordinator.swift */ = {isa = PBXFileReference; lastKnownFileType = sourcecode.swift; path = BuilderPresentingCoordinator.swift; sourceTree = "<group>"; };
		FC5CC4B628537F7C00D02FD1 /* CoordinatorProtocol.swift */ = {isa = PBXFileReference; lastKnownFileType = sourcecode.swift; path = CoordinatorProtocol.swift; sourceTree = "<group>"; };
		FC5CC4BA285384F700D02FD1 /* PresentingCoordinator.swift */ = {isa = PBXFileReference; lastKnownFileType = sourcecode.swift; path = PresentingCoordinator.swift; sourceTree = "<group>"; };
		FC5CC4BC2853872E00D02FD1 /* NavigationCoordinator.swift */ = {isa = PBXFileReference; lastKnownFileType = sourcecode.swift; path = NavigationCoordinator.swift; sourceTree = "<group>"; };
		FC5CC4BE28538C2500D02FD1 /* SearchCoordinator.swift */ = {isa = PBXFileReference; lastKnownFileType = sourcecode.swift; path = SearchCoordinator.swift; sourceTree = "<group>"; };
		FC5CC4C028538DFF00D02FD1 /* WindowCoordinator.swift */ = {isa = PBXFileReference; lastKnownFileType = sourcecode.swift; path = WindowCoordinator.swift; sourceTree = "<group>"; };
		FC5CC4C4285391D800D02FD1 /* AnyCoordinator.swift */ = {isa = PBXFileReference; lastKnownFileType = sourcecode.swift; path = AnyCoordinator.swift; sourceTree = "<group>"; };
		FC5CC4C62853F6B800D02FD1 /* ApplicationCoordinatorBuilder.swift */ = {isa = PBXFileReference; lastKnownFileType = sourcecode.swift; path = ApplicationCoordinatorBuilder.swift; sourceTree = "<group>"; };
		FC5CC4C82853FA5E00D02FD1 /* Environment.swift */ = {isa = PBXFileReference; lastKnownFileType = sourcecode.swift; path = Environment.swift; sourceTree = "<group>"; };
		FC660C49284F88470074A213 /* CitySearch.app */ = {isa = PBXFileReference; explicitFileType = wrapper.application; includeInIndex = 0; path = CitySearch.app; sourceTree = BUILT_PRODUCTS_DIR; };
		FC660C4C284F88470074A213 /* AppDelegate.swift */ = {isa = PBXFileReference; lastKnownFileType = sourcecode.swift; path = AppDelegate.swift; sourceTree = "<group>"; };
		FC660C4E284F88470074A213 /* SceneDelegate.swift */ = {isa = PBXFileReference; lastKnownFileType = sourcecode.swift; path = SceneDelegate.swift; sourceTree = "<group>"; };
		FC660C50284F88470074A213 /* SearchViewController.swift */ = {isa = PBXFileReference; lastKnownFileType = sourcecode.swift; path = SearchViewController.swift; sourceTree = "<group>"; };
		FC660C55284F88490074A213 /* Assets.xcassets */ = {isa = PBXFileReference; lastKnownFileType = folder.assetcatalog; path = Assets.xcassets; sourceTree = "<group>"; };
		FC660C58284F88490074A213 /* Base */ = {isa = PBXFileReference; lastKnownFileType = file.storyboard; name = Base; path = Base.lproj/LaunchScreen.storyboard; sourceTree = "<group>"; };
		FC660C5A284F88490074A213 /* Info.plist */ = {isa = PBXFileReference; lastKnownFileType = text.plist.xml; path = Info.plist; sourceTree = "<group>"; };
		FC660C5F284F88490074A213 /* CitySearchTests.xctest */ = {isa = PBXFileReference; explicitFileType = wrapper.cfbundle; includeInIndex = 0; path = CitySearchTests.xctest; sourceTree = BUILT_PRODUCTS_DIR; };
		FC660C69284F88490074A213 /* CitySearchUITests.xctest */ = {isa = PBXFileReference; explicitFileType = wrapper.cfbundle; includeInIndex = 0; path = CitySearchUITests.xctest; sourceTree = BUILT_PRODUCTS_DIR; };
		FC660C6D284F88490074A213 /* CitySearchUITests.swift */ = {isa = PBXFileReference; lastKnownFileType = sourcecode.swift; path = CitySearchUITests.swift; sourceTree = "<group>"; };
		FC660C6F284F88490074A213 /* CitySearchUITestsLaunchTests.swift */ = {isa = PBXFileReference; lastKnownFileType = sourcecode.swift; path = CitySearchUITestsLaunchTests.swift; sourceTree = "<group>"; };
		FC660C7C284F885D0074A213 /* cities.json */ = {isa = PBXFileReference; lastKnownFileType = text.json; path = cities.json; sourceTree = "<group>"; };
		FC660C7D284F885D0074A213 /* README.md */ = {isa = PBXFileReference; lastKnownFileType = net.daringfireball.markdown; name = README.md; path = ../README.md; sourceTree = "<group>"; };
		FC660C7E284F88AC0074A213 /* NOTES.md */ = {isa = PBXFileReference; lastKnownFileType = net.daringfireball.markdown; path = NOTES.md; sourceTree = "<group>"; };
		FC660C81284F99520074A213 /* BaselineTests.swift */ = {isa = PBXFileReference; lastKnownFileType = sourcecode.swift; path = BaselineTests.swift; sourceTree = "<group>"; };
		FC660C85284FA0390074A213 /* TextIndexAcceptanceTests.swift */ = {isa = PBXFileReference; lastKnownFileType = sourcecode.swift; path = TextIndexAcceptanceTests.swift; sourceTree = "<group>"; };
		FC660C8B284FD6B00074A213 /* TextIndex.swift */ = {isa = PBXFileReference; lastKnownFileType = sourcecode.swift; path = TextIndex.swift; sourceTree = "<group>"; };
/* End PBXFileReference section */

/* Begin PBXFrameworksBuildPhase section */
		FC660C46284F88470074A213 /* Frameworks */ = {
			isa = PBXFrameworksBuildPhase;
			buildActionMask = 2147483647;
			files = (
			);
			runOnlyForDeploymentPostprocessing = 0;
		};
		FC660C5C284F88490074A213 /* Frameworks */ = {
			isa = PBXFrameworksBuildPhase;
			buildActionMask = 2147483647;
			files = (
			);
			runOnlyForDeploymentPostprocessing = 0;
		};
		FC660C66284F88490074A213 /* Frameworks */ = {
			isa = PBXFrameworksBuildPhase;
			buildActionMask = 2147483647;
			files = (
			);
			runOnlyForDeploymentPostprocessing = 0;
		};
/* End PBXFrameworksBuildPhase section */

/* Begin PBXGroup section */
		FC5CC4892852348000D02FD1 /* Repository */ = {
			isa = PBXGroup;
			children = (
				FC5CC47F2852004B00D02FD1 /* Repositories.swift */,
				FC5CC47D2851DCCA00D02FD1 /* IndexedCitiesRepository.swift */,
			);
			path = Repository;
			sourceTree = "<group>";
		};
		FC5CC48A2852348D00D02FD1 /* Index */ = {
			isa = PBXGroup;
			children = (
				FC660C8B284FD6B00074A213 /* TextIndex.swift */,
				FC38873B28507DFA00F5922A /* LinearIndex.swift */,
				FC38873D28507E1400F5922A /* TrieTextIndex.swift */,
			);
			path = Index;
			sourceTree = "<group>";
		};
		FC5CC49028523C7D00D02FD1 /* Builder */ = {
			isa = PBXGroup;
			children = (
				FC5CC49328523ED700D02FD1 /* Builders.swift */,
				FC5CC4C62853F6B800D02FD1 /* ApplicationCoordinatorBuilder.swift */,
				FC5CC4A42853282D00D02FD1 /* ApplicationModuleBuilder.swift */,
				FC5CC49128523C8C00D02FD1 /* SearchModuleBuilder.swift */,
				FC5CC4A028531B2A00D02FD1 /* TestSearchModuleBuilder.swift */,
				FC5CC4AF28537C2300D02FD1 /* MapModuleBuilder.swift */,
				FC5CC4A628533B5B00D02FD1 /* SearchResultCellConfigurationBuilder.swift */,
				FC5CC4A828534AD500D02FD1 /* TestCitiesRepositoryBuilder.swift */,
			);
			path = Builder;
			sourceTree = "<group>";
		};
		FC5CC4972852418700D02FD1 /* Tests */ = {
			isa = PBXGroup;
			children = (
				FC5CC48C285235EB00D02FD1 /* SearchViewControllerTests.swift */,
				FC5CC4832852068300D02FD1 /* CitySearchModelTests.swift */,
				FC5CC47B28514C5100D02FD1 /* IndexedCitiesRepositoryTests.swift */,
				FC660C81284F99520074A213 /* BaselineTests.swift */,
				FC660C85284FA0390074A213 /* TextIndexAcceptanceTests.swift */,
			);
			path = Tests;
			sourceTree = "<group>";
		};
		FC5CC4982852419100D02FD1 /* Mocks */ = {
			isa = PBXGroup;
			children = (
				FC5CC48528520DE600D02FD1 /* MockTextIndex.swift */,
				FC5CC48728520E0200D02FD1 /* MockCitiesRepository.swift */,
				FC5CC4952852418400D02FD1 /* MockCitySearchModel.swift */,
			);
			path = Mocks;
			sourceTree = "<group>";
		};
		FC5CC4992852419C00D02FD1 /* Utilities */ = {
			isa = PBXGroup;
			children = (
				FC388739285077EA00F5922A /* XCTestExtensions.swift */,
				FC5CC4A2285324F000D02FD1 /* CombineExtensions.swift */,
			);
			path = Utilities;
			sourceTree = "<group>";
		};
		FC5CC49A285245B600D02FD1 /* Sample Data */ = {
			isa = PBXGroup;
			children = (
				FC5CC49B285245C300D02FD1 /* CitySampleData.swift */,
			);
			path = "Sample Data";
			sourceTree = "<group>";
		};
		FC5CC49D28524A9800D02FD1 /* View */ = {
			isa = PBXGroup;
			children = (
				FC5CC49E28524AA800D02FD1 /* SearchResultView.swift */,
			);
			path = View;
			sourceTree = "<group>";
		};
		FC5CC4B328537E0000D02FD1 /* Coordinator */ = {
			isa = PBXGroup;
			children = (
				FC5CC4B628537F7C00D02FD1 /* CoordinatorProtocol.swift */,
				FC5CC4C4285391D800D02FD1 /* AnyCoordinator.swift */,
				FC5CC4BA285384F700D02FD1 /* PresentingCoordinator.swift */,
				FC5CC4C028538DFF00D02FD1 /* WindowCoordinator.swift */,
				FC5CC4BC2853872E00D02FD1 /* NavigationCoordinator.swift */,
				FC5CC4B428537E0F00D02FD1 /* BuilderPresentingCoordinator.swift */,
				FC5CC4BE28538C2500D02FD1 /* SearchCoordinator.swift */,
			);
			path = Coordinator;
			sourceTree = "<group>";
		};
		FC660C40284F88470074A213 = {
			isa = PBXGroup;
			children = (
				FC660C7D284F885D0074A213 /* README.md */,
				FC660C7E284F88AC0074A213 /* NOTES.md */,
				FC5CC4AC285374A300D02FD1 /* JOURNAL.md */,
				FC660C4B284F88470074A213 /* CitySearch */,
				FC660C62284F88490074A213 /* CitySearchTests */,
				FC660C6C284F88490074A213 /* CitySearchUITests */,
				FC660C4A284F88470074A213 /* Products */,
			);
			sourceTree = "<group>";
		};
		FC660C4A284F88470074A213 /* Products */ = {
			isa = PBXGroup;
			children = (
				FC660C49284F88470074A213 /* CitySearch.app */,
				FC660C5F284F88490074A213 /* CitySearchTests.xctest */,
				FC660C69284F88490074A213 /* CitySearchUITests.xctest */,
			);
			name = Products;
			sourceTree = "<group>";
		};
		FC660C4B284F88470074A213 /* CitySearch */ = {
			isa = PBXGroup;
			children = (
				FC660C7F284F88BA0074A213 /* Source */,
				FC660C80284F88C30074A213 /* Resources */,
			);
			path = CitySearch;
			sourceTree = "<group>";
		};
		FC660C62284F88490074A213 /* CitySearchTests */ = {
			isa = PBXGroup;
			children = (
				FC5CC49A285245B600D02FD1 /* Sample Data */,
				FC5CC4972852418700D02FD1 /* Tests */,
				FC5CC4982852419100D02FD1 /* Mocks */,
				FC5CC4992852419C00D02FD1 /* Utilities */,
			);
			path = CitySearchTests;
			sourceTree = "<group>";
		};
		FC660C6C284F88490074A213 /* CitySearchUITests */ = {
			isa = PBXGroup;
			children = (
				FC660C6D284F88490074A213 /* CitySearchUITests.swift */,
				FC660C6F284F88490074A213 /* CitySearchUITestsLaunchTests.swift */,
				FC5CC4AD2853763600D02FD1 /* CitySearchUIPerformanceTests.swift */,
				FC5CC4AA28534D4A00D02FD1 /* XCTestExtensions.swift */,
			);
			path = CitySearchUITests;
			sourceTree = "<group>";
		};
		FC660C7F284F88BA0074A213 /* Source */ = {
			isa = PBXGroup;
			children = (
				FC660C88284FD6750074A213 /* App */,
				FC5CC49028523C7D00D02FD1 /* Builder */,
				FC5CC4B328537E0000D02FD1 /* Coordinator */,
				FC660C89284FD67C0074A213 /* View Controller */,
				FC5CC49D28524A9800D02FD1 /* View */,
				FC660C8A284FD6870074A213 /* Model */,
				FC5CC4892852348000D02FD1 /* Repository */,
				FC5CC48A2852348D00D02FD1 /* Index */,
			);
			path = Source;
			sourceTree = "<group>";
		};
		FC660C80284F88C30074A213 /* Resources */ = {
			isa = PBXGroup;
			children = (
				FC660C7C284F885D0074A213 /* cities.json */,
				FC660C55284F88490074A213 /* Assets.xcassets */,
				FC660C57284F88490074A213 /* LaunchScreen.storyboard */,
				FC660C5A284F88490074A213 /* Info.plist */,
			);
			name = Resources;
			sourceTree = "<group>";
		};
		FC660C88284FD6750074A213 /* App */ = {
			isa = PBXGroup;
			children = (
				FC660C4C284F88470074A213 /* AppDelegate.swift */,
				FC660C4E284F88470074A213 /* SceneDelegate.swift */,
				FC5CC4C82853FA5E00D02FD1 /* Environment.swift */,
			);
			path = App;
			sourceTree = "<group>";
		};
		FC660C89284FD67C0074A213 /* View Controller */ = {
			isa = PBXGroup;
			children = (
				FC660C50284F88470074A213 /* SearchViewController.swift */,
				FC5CC4B128537CDC00D02FD1 /* MapViewController.swift */,
			);
			path = "View Controller";
			sourceTree = "<group>";
		};
		FC660C8A284FD6870074A213 /* Model */ = {
			isa = PBXGroup;
			children = (
				FC5CC48E28523A2000D02FD1 /* Models.swift */,
				FC5CC481285205AD00D02FD1 /* CitySearchModel.swift */,
			);
			path = Model;
			sourceTree = "<group>";
		};
/* End PBXGroup section */

/* Begin PBXNativeTarget section */
		FC660C48284F88470074A213 /* CitySearch */ = {
			isa = PBXNativeTarget;
			buildConfigurationList = FC660C73284F88490074A213 /* Build configuration list for PBXNativeTarget "CitySearch" */;
			buildPhases = (
				FC660C45284F88470074A213 /* Sources */,
				FC660C46284F88470074A213 /* Frameworks */,
				FC660C47284F88470074A213 /* Resources */,
			);
			buildRules = (
			);
			dependencies = (
			);
			name = CitySearch;
			productName = CitySearch;
			productReference = FC660C49284F88470074A213 /* CitySearch.app */;
			productType = "com.apple.product-type.application";
		};
		FC660C5E284F88490074A213 /* CitySearchTests */ = {
			isa = PBXNativeTarget;
			buildConfigurationList = FC660C76284F88490074A213 /* Build configuration list for PBXNativeTarget "CitySearchTests" */;
			buildPhases = (
				FC660C5B284F88490074A213 /* Sources */,
				FC660C5C284F88490074A213 /* Frameworks */,
				FC660C5D284F88490074A213 /* Resources */,
			);
			buildRules = (
			);
			dependencies = (
				FC660C61284F88490074A213 /* PBXTargetDependency */,
			);
			name = CitySearchTests;
			productName = CitySearchTests;
			productReference = FC660C5F284F88490074A213 /* CitySearchTests.xctest */;
			productType = "com.apple.product-type.bundle.unit-test";
		};
		FC660C68284F88490074A213 /* CitySearchUITests */ = {
			isa = PBXNativeTarget;
			buildConfigurationList = FC660C79284F88490074A213 /* Build configuration list for PBXNativeTarget "CitySearchUITests" */;
			buildPhases = (
				FC660C65284F88490074A213 /* Sources */,
				FC660C66284F88490074A213 /* Frameworks */,
				FC660C67284F88490074A213 /* Resources */,
			);
			buildRules = (
			);
			dependencies = (
				FC660C6B284F88490074A213 /* PBXTargetDependency */,
			);
			name = CitySearchUITests;
			productName = CitySearchUITests;
			productReference = FC660C69284F88490074A213 /* CitySearchUITests.xctest */;
			productType = "com.apple.product-type.bundle.ui-testing";
		};
/* End PBXNativeTarget section */

/* Begin PBXProject section */
		FC660C41284F88470074A213 /* Project object */ = {
			isa = PBXProject;
			attributes = {
				BuildIndependentTargetsInParallel = 1;
				LastSwiftUpdateCheck = 1320;
				LastUpgradeCheck = 1320;
				TargetAttributes = {
					FC660C48284F88470074A213 = {
						CreatedOnToolsVersion = 13.2;
					};
					FC660C5E284F88490074A213 = {
						CreatedOnToolsVersion = 13.2;
						LastSwiftMigration = 1320;
						TestTargetID = FC660C48284F88470074A213;
					};
					FC660C68284F88490074A213 = {
						CreatedOnToolsVersion = 13.2;
						TestTargetID = FC660C48284F88470074A213;
					};
				};
			};
			buildConfigurationList = FC660C44284F88470074A213 /* Build configuration list for PBXProject "CitySearch" */;
			compatibilityVersion = "Xcode 13.0";
			developmentRegion = en;
			hasScannedForEncodings = 0;
			knownRegions = (
				en,
				Base,
			);
			mainGroup = FC660C40284F88470074A213;
			productRefGroup = FC660C4A284F88470074A213 /* Products */;
			projectDirPath = "";
			projectRoot = "";
			targets = (
				FC660C48284F88470074A213 /* CitySearch */,
				FC660C5E284F88490074A213 /* CitySearchTests */,
				FC660C68284F88490074A213 /* CitySearchUITests */,
			);
		};
/* End PBXProject section */

/* Begin PBXResourcesBuildPhase section */
		FC660C47284F88470074A213 /* Resources */ = {
			isa = PBXResourcesBuildPhase;
			buildActionMask = 2147483647;
			files = (
				FC660C83284F9D3F0074A213 /* cities.json in Resources */,
				FC660C59284F88490074A213 /* LaunchScreen.storyboard in Resources */,
				FC660C56284F88490074A213 /* Assets.xcassets in Resources */,
			);
			runOnlyForDeploymentPostprocessing = 0;
		};
		FC660C5D284F88490074A213 /* Resources */ = {
			isa = PBXResourcesBuildPhase;
			buildActionMask = 2147483647;
			files = (
				FC660C84284F9D420074A213 /* cities.json in Resources */,
			);
			runOnlyForDeploymentPostprocessing = 0;
		};
		FC660C67284F88490074A213 /* Resources */ = {
			isa = PBXResourcesBuildPhase;
			buildActionMask = 2147483647;
			files = (
			);
			runOnlyForDeploymentPostprocessing = 0;
		};
/* End PBXResourcesBuildPhase section */

/* Begin PBXSourcesBuildPhase section */
		FC660C45284F88470074A213 /* Sources */ = {
			isa = PBXSourcesBuildPhase;
			buildActionMask = 2147483647;
			files = (
				FC5CC4C5285391D800D02FD1 /* AnyCoordinator.swift in Sources */,
				FC5CC4BD2853872E00D02FD1 /* NavigationCoordinator.swift in Sources */,
				FC660C51284F88470074A213 /* SearchViewController.swift in Sources */,
				FC5CC49228523C8C00D02FD1 /* SearchModuleBuilder.swift in Sources */,
				FC660C4D284F88470074A213 /* AppDelegate.swift in Sources */,
				FC5CC4BF28538C2500D02FD1 /* SearchCoordinator.swift in Sources */,
				FC38873E28507E1400F5922A /* TrieTextIndex.swift in Sources */,
				FC5CC482285205AD00D02FD1 /* CitySearchModel.swift in Sources */,
				FC660C4F284F88470074A213 /* SceneDelegate.swift in Sources */,
				FC5CC47E2851DCCA00D02FD1 /* IndexedCitiesRepository.swift in Sources */,
				FC5CC4B228537CDC00D02FD1 /* MapViewController.swift in Sources */,
				FC5CC4A928534AD500D02FD1 /* TestCitiesRepositoryBuilder.swift in Sources */,
				FC5CC4B028537C2300D02FD1 /* MapModuleBuilder.swift in Sources */,
				FC5CC4BB285384F700D02FD1 /* PresentingCoordinator.swift in Sources */,
				FC5CC4802852004C00D02FD1 /* Repositories.swift in Sources */,
				FC5CC49F28524AA800D02FD1 /* SearchResultView.swift in Sources */,
				FC5CC4B528537E0F00D02FD1 /* BuilderPresentingCoordinator.swift in Sources */,
				FC5CC4C92853FA5F00D02FD1 /* Environment.swift in Sources */,
				FC5CC4A728533B5B00D02FD1 /* SearchResultCellConfigurationBuilder.swift in Sources */,
				FC5CC4C128538E0000D02FD1 /* WindowCoordinator.swift in Sources */,
				FC660C8C284FD6B00074A213 /* TextIndex.swift in Sources */,
				FC5CC4A52853282D00D02FD1 /* ApplicationModuleBuilder.swift in Sources */,
				FC5CC4C72853F6B800D02FD1 /* ApplicationCoordinatorBuilder.swift in Sources */,
				FC38873C28507DFA00F5922A /* LinearIndex.swift in Sources */,
				FC5CC48F28523A2000D02FD1 /* Models.swift in Sources */,
				FC5CC49428523ED700D02FD1 /* Builders.swift in Sources */,
				FC5CC4A128531B2A00D02FD1 /* TestSearchModuleBuilder.swift in Sources */,
				FC5CC4B728537F7C00D02FD1 /* CoordinatorProtocol.swift in Sources */,
			);
			runOnlyForDeploymentPostprocessing = 0;
		};
		FC660C5B284F88490074A213 /* Sources */ = {
			isa = PBXSourcesBuildPhase;
			buildActionMask = 2147483647;
			files = (
				FC5CC4962852418400D02FD1 /* MockCitySearchModel.swift in Sources */,
				FC5CC47C28514C5100D02FD1 /* IndexedCitiesRepositoryTests.swift in Sources */,
				FC5CC4842852068300D02FD1 /* CitySearchModelTests.swift in Sources */,
				FC5CC48D285235EB00D02FD1 /* SearchViewControllerTests.swift in Sources */,
				FC5CC4A3285324F000D02FD1 /* CombineExtensions.swift in Sources */,
				FC660C82284F99520074A213 /* BaselineTests.swift in Sources */,
				FC38873A285077EA00F5922A /* XCTestExtensions.swift in Sources */,
				FC5CC49C285245C300D02FD1 /* CitySampleData.swift in Sources */,
				FC660C86284FA0390074A213 /* TextIndexAcceptanceTests.swift in Sources */,
				FC5CC48828520E0200D02FD1 /* MockCitiesRepository.swift in Sources */,
				FC5CC48628520DE600D02FD1 /* MockTextIndex.swift in Sources */,
			);
			runOnlyForDeploymentPostprocessing = 0;
		};
		FC660C65284F88490074A213 /* Sources */ = {
			isa = PBXSourcesBuildPhase;
			buildActionMask = 2147483647;
			files = (
				FC660C6E284F88490074A213 /* CitySearchUITests.swift in Sources */,
				FC5CC4AB28534D4A00D02FD1 /* XCTestExtensions.swift in Sources */,
				FC660C70284F88490074A213 /* CitySearchUITestsLaunchTests.swift in Sources */,
				FC5CC4AE2853763600D02FD1 /* CitySearchUIPerformanceTests.swift in Sources */,
			);
			runOnlyForDeploymentPostprocessing = 0;
		};
/* End PBXSourcesBuildPhase section */

/* Begin PBXTargetDependency section */
		FC660C61284F88490074A213 /* PBXTargetDependency */ = {
			isa = PBXTargetDependency;
			target = FC660C48284F88470074A213 /* CitySearch */;
			targetProxy = FC660C60284F88490074A213 /* PBXContainerItemProxy */;
		};
		FC660C6B284F88490074A213 /* PBXTargetDependency */ = {
			isa = PBXTargetDependency;
			target = FC660C48284F88470074A213 /* CitySearch */;
			targetProxy = FC660C6A284F88490074A213 /* PBXContainerItemProxy */;
		};
/* End PBXTargetDependency section */

/* Begin PBXVariantGroup section */
		FC660C57284F88490074A213 /* LaunchScreen.storyboard */ = {
			isa = PBXVariantGroup;
			children = (
				FC660C58284F88490074A213 /* Base */,
			);
			name = LaunchScreen.storyboard;
			sourceTree = "<group>";
		};
/* End PBXVariantGroup section */

/* Begin XCBuildConfiguration section */
		FC660C71284F88490074A213 /* Debug */ = {
			isa = XCBuildConfiguration;
			buildSettings = {
				ALWAYS_SEARCH_USER_PATHS = NO;
				CLANG_ANALYZER_NONNULL = YES;
				CLANG_ANALYZER_NUMBER_OBJECT_CONVERSION = YES_AGGRESSIVE;
				CLANG_CXX_LANGUAGE_STANDARD = "gnu++17";
				CLANG_CXX_LIBRARY = "libc++";
				CLANG_ENABLE_MODULES = YES;
				CLANG_ENABLE_OBJC_ARC = YES;
				CLANG_ENABLE_OBJC_WEAK = YES;
				CLANG_WARN_BLOCK_CAPTURE_AUTORELEASING = YES;
				CLANG_WARN_BOOL_CONVERSION = YES;
				CLANG_WARN_COMMA = YES;
				CLANG_WARN_CONSTANT_CONVERSION = YES;
				CLANG_WARN_DEPRECATED_OBJC_IMPLEMENTATIONS = YES;
				CLANG_WARN_DIRECT_OBJC_ISA_USAGE = YES_ERROR;
				CLANG_WARN_DOCUMENTATION_COMMENTS = YES;
				CLANG_WARN_EMPTY_BODY = YES;
				CLANG_WARN_ENUM_CONVERSION = YES;
				CLANG_WARN_INFINITE_RECURSION = YES;
				CLANG_WARN_INT_CONVERSION = YES;
				CLANG_WARN_NON_LITERAL_NULL_CONVERSION = YES;
				CLANG_WARN_OBJC_IMPLICIT_RETAIN_SELF = YES;
				CLANG_WARN_OBJC_LITERAL_CONVERSION = YES;
				CLANG_WARN_OBJC_ROOT_CLASS = YES_ERROR;
				CLANG_WARN_QUOTED_INCLUDE_IN_FRAMEWORK_HEADER = YES;
				CLANG_WARN_RANGE_LOOP_ANALYSIS = YES;
				CLANG_WARN_STRICT_PROTOTYPES = YES;
				CLANG_WARN_SUSPICIOUS_MOVE = YES;
				CLANG_WARN_UNGUARDED_AVAILABILITY = YES_AGGRESSIVE;
				CLANG_WARN_UNREACHABLE_CODE = YES;
				CLANG_WARN__DUPLICATE_METHOD_MATCH = YES;
				COPY_PHASE_STRIP = NO;
				DEBUG_INFORMATION_FORMAT = dwarf;
				ENABLE_STRICT_OBJC_MSGSEND = YES;
				ENABLE_TESTABILITY = YES;
				GCC_C_LANGUAGE_STANDARD = gnu11;
				GCC_DYNAMIC_NO_PIC = NO;
				GCC_NO_COMMON_BLOCKS = YES;
				GCC_OPTIMIZATION_LEVEL = 0;
				GCC_PREPROCESSOR_DEFINITIONS = (
					"DEBUG=1",
					"$(inherited)",
				);
				GCC_WARN_64_TO_32_BIT_CONVERSION = YES;
				GCC_WARN_ABOUT_RETURN_TYPE = YES_ERROR;
				GCC_WARN_UNDECLARED_SELECTOR = YES;
				GCC_WARN_UNINITIALIZED_AUTOS = YES_AGGRESSIVE;
				GCC_WARN_UNUSED_FUNCTION = YES;
				GCC_WARN_UNUSED_VARIABLE = YES;
				IPHONEOS_DEPLOYMENT_TARGET = 15.2;
				MTL_ENABLE_DEBUG_INFO = INCLUDE_SOURCE;
				MTL_FAST_MATH = YES;
				ONLY_ACTIVE_ARCH = YES;
				SDKROOT = iphoneos;
				SWIFT_ACTIVE_COMPILATION_CONDITIONS = DEBUG;
				SWIFT_OPTIMIZATION_LEVEL = "-Onone";
			};
			name = Debug;
		};
		FC660C72284F88490074A213 /* Release */ = {
			isa = XCBuildConfiguration;
			buildSettings = {
				ALWAYS_SEARCH_USER_PATHS = NO;
				CLANG_ANALYZER_NONNULL = YES;
				CLANG_ANALYZER_NUMBER_OBJECT_CONVERSION = YES_AGGRESSIVE;
				CLANG_CXX_LANGUAGE_STANDARD = "gnu++17";
				CLANG_CXX_LIBRARY = "libc++";
				CLANG_ENABLE_MODULES = YES;
				CLANG_ENABLE_OBJC_ARC = YES;
				CLANG_ENABLE_OBJC_WEAK = YES;
				CLANG_WARN_BLOCK_CAPTURE_AUTORELEASING = YES;
				CLANG_WARN_BOOL_CONVERSION = YES;
				CLANG_WARN_COMMA = YES;
				CLANG_WARN_CONSTANT_CONVERSION = YES;
				CLANG_WARN_DEPRECATED_OBJC_IMPLEMENTATIONS = YES;
				CLANG_WARN_DIRECT_OBJC_ISA_USAGE = YES_ERROR;
				CLANG_WARN_DOCUMENTATION_COMMENTS = YES;
				CLANG_WARN_EMPTY_BODY = YES;
				CLANG_WARN_ENUM_CONVERSION = YES;
				CLANG_WARN_INFINITE_RECURSION = YES;
				CLANG_WARN_INT_CONVERSION = YES;
				CLANG_WARN_NON_LITERAL_NULL_CONVERSION = YES;
				CLANG_WARN_OBJC_IMPLICIT_RETAIN_SELF = YES;
				CLANG_WARN_OBJC_LITERAL_CONVERSION = YES;
				CLANG_WARN_OBJC_ROOT_CLASS = YES_ERROR;
				CLANG_WARN_QUOTED_INCLUDE_IN_FRAMEWORK_HEADER = YES;
				CLANG_WARN_RANGE_LOOP_ANALYSIS = YES;
				CLANG_WARN_STRICT_PROTOTYPES = YES;
				CLANG_WARN_SUSPICIOUS_MOVE = YES;
				CLANG_WARN_UNGUARDED_AVAILABILITY = YES_AGGRESSIVE;
				CLANG_WARN_UNREACHABLE_CODE = YES;
				CLANG_WARN__DUPLICATE_METHOD_MATCH = YES;
				COPY_PHASE_STRIP = NO;
				DEBUG_INFORMATION_FORMAT = "dwarf-with-dsym";
				ENABLE_NS_ASSERTIONS = NO;
				ENABLE_STRICT_OBJC_MSGSEND = YES;
				GCC_C_LANGUAGE_STANDARD = gnu11;
				GCC_NO_COMMON_BLOCKS = YES;
				GCC_WARN_64_TO_32_BIT_CONVERSION = YES;
				GCC_WARN_ABOUT_RETURN_TYPE = YES_ERROR;
				GCC_WARN_UNDECLARED_SELECTOR = YES;
				GCC_WARN_UNINITIALIZED_AUTOS = YES_AGGRESSIVE;
				GCC_WARN_UNUSED_FUNCTION = YES;
				GCC_WARN_UNUSED_VARIABLE = YES;
				IPHONEOS_DEPLOYMENT_TARGET = 15.2;
				MTL_ENABLE_DEBUG_INFO = NO;
				MTL_FAST_MATH = YES;
				SDKROOT = iphoneos;
				SWIFT_COMPILATION_MODE = wholemodule;
				SWIFT_OPTIMIZATION_LEVEL = "-O";
				VALIDATE_PRODUCT = YES;
			};
			name = Release;
		};
		FC660C74284F88490074A213 /* Debug */ = {
			isa = XCBuildConfiguration;
			buildSettings = {
				ASSETCATALOG_COMPILER_APPICON_NAME = AppIcon;
				ASSETCATALOG_COMPILER_GLOBAL_ACCENT_COLOR_NAME = AccentColor;
				CODE_SIGN_STYLE = Automatic;
				CURRENT_PROJECT_VERSION = 1;
				DEVELOPMENT_TEAM = DBK476475Y;
				GENERATE_INFOPLIST_FILE = YES;
				INFOPLIST_FILE = CitySearch/Info.plist;
				INFOPLIST_KEY_UIApplicationSupportsIndirectInputEvents = YES;
				INFOPLIST_KEY_UILaunchStoryboardName = LaunchScreen;
				INFOPLIST_KEY_UISupportedInterfaceOrientations_iPad = "UIInterfaceOrientationPortrait UIInterfaceOrientationPortraitUpsideDown UIInterfaceOrientationLandscapeLeft UIInterfaceOrientationLandscapeRight";
				INFOPLIST_KEY_UISupportedInterfaceOrientations_iPhone = "UIInterfaceOrientationPortrait UIInterfaceOrientationLandscapeLeft UIInterfaceOrientationLandscapeRight";
				LD_RUNPATH_SEARCH_PATHS = (
					"$(inherited)",
					"@executable_path/Frameworks",
				);
				MARKETING_VERSION = 1.0;
				PRODUCT_BUNDLE_IDENTIFIER = com.lukevanin.CitySearch;
				PRODUCT_NAME = "$(TARGET_NAME)";
				SWIFT_EMIT_LOC_STRINGS = YES;
				SWIFT_VERSION = 5.0;
				TARGETED_DEVICE_FAMILY = "1,2";
			};
			name = Debug;
		};
		FC660C75284F88490074A213 /* Release */ = {
			isa = XCBuildConfiguration;
			buildSettings = {
				ASSETCATALOG_COMPILER_APPICON_NAME = AppIcon;
				ASSETCATALOG_COMPILER_GLOBAL_ACCENT_COLOR_NAME = AccentColor;
				CODE_SIGN_STYLE = Automatic;
				CURRENT_PROJECT_VERSION = 1;
				DEVELOPMENT_TEAM = DBK476475Y;
				GENERATE_INFOPLIST_FILE = YES;
				INFOPLIST_FILE = CitySearch/Info.plist;
				INFOPLIST_KEY_UIApplicationSupportsIndirectInputEvents = YES;
				INFOPLIST_KEY_UILaunchStoryboardName = LaunchScreen;
				INFOPLIST_KEY_UISupportedInterfaceOrientations_iPad = "UIInterfaceOrientationPortrait UIInterfaceOrientationPortraitUpsideDown UIInterfaceOrientationLandscapeLeft UIInterfaceOrientationLandscapeRight";
				INFOPLIST_KEY_UISupportedInterfaceOrientations_iPhone = "UIInterfaceOrientationPortrait UIInterfaceOrientationLandscapeLeft UIInterfaceOrientationLandscapeRight";
				LD_RUNPATH_SEARCH_PATHS = (
					"$(inherited)",
					"@executable_path/Frameworks",
				);
				MARKETING_VERSION = 1.0;
				PRODUCT_BUNDLE_IDENTIFIER = com.lukevanin.CitySearch;
				PRODUCT_NAME = "$(TARGET_NAME)";
				SWIFT_EMIT_LOC_STRINGS = YES;
				SWIFT_VERSION = 5.0;
				TARGETED_DEVICE_FAMILY = "1,2";
			};
			name = Release;
		};
		FC660C77284F88490074A213 /* Debug */ = {
			isa = XCBuildConfiguration;
			buildSettings = {
				ALWAYS_EMBED_SWIFT_STANDARD_LIBRARIES = YES;
				BUNDLE_LOADER = "$(TEST_HOST)";
				CLANG_ENABLE_MODULES = YES;
				CODE_SIGN_STYLE = Automatic;
				CURRENT_PROJECT_VERSION = 1;
				DEVELOPMENT_TEAM = DBK476475Y;
				GENERATE_INFOPLIST_FILE = YES;
				IPHONEOS_DEPLOYMENT_TARGET = 15.2;
				LD_RUNPATH_SEARCH_PATHS = (
					"$(inherited)",
					"@executable_path/Frameworks",
					"@loader_path/Frameworks",
				);
				MARKETING_VERSION = 1.0;
				PRODUCT_BUNDLE_IDENTIFIER = com.lukevanin.CitySearchTests;
				PRODUCT_NAME = "$(TARGET_NAME)";
				SWIFT_EMIT_LOC_STRINGS = NO;
				SWIFT_OPTIMIZATION_LEVEL = "-Onone";
				SWIFT_VERSION = 5.0;
				TARGETED_DEVICE_FAMILY = "1,2";
				TEST_HOST = "$(BUILT_PRODUCTS_DIR)/CitySearch.app/CitySearch";
			};
			name = Debug;
		};
		FC660C78284F88490074A213 /* Release */ = {
			isa = XCBuildConfiguration;
			buildSettings = {
				ALWAYS_EMBED_SWIFT_STANDARD_LIBRARIES = YES;
				BUNDLE_LOADER = "$(TEST_HOST)";
				CLANG_ENABLE_MODULES = YES;
				CODE_SIGN_STYLE = Automatic;
				CURRENT_PROJECT_VERSION = 1;
				DEVELOPMENT_TEAM = DBK476475Y;
				GENERATE_INFOPLIST_FILE = YES;
				IPHONEOS_DEPLOYMENT_TARGET = 15.2;
				LD_RUNPATH_SEARCH_PATHS = (
					"$(inherited)",
					"@executable_path/Frameworks",
					"@loader_path/Frameworks",
				);
				MARKETING_VERSION = 1.0;
				PRODUCT_BUNDLE_IDENTIFIER = com.lukevanin.CitySearchTests;
				PRODUCT_NAME = "$(TARGET_NAME)";
				SWIFT_EMIT_LOC_STRINGS = NO;
				SWIFT_VERSION = 5.0;
				TARGETED_DEVICE_FAMILY = "1,2";
				TEST_HOST = "$(BUILT_PRODUCTS_DIR)/CitySearch.app/CitySearch";
			};
			name = Release;
		};
		FC660C7A284F88490074A213 /* Debug */ = {
			isa = XCBuildConfiguration;
			buildSettings = {
				ALWAYS_EMBED_SWIFT_STANDARD_LIBRARIES = YES;
				CODE_SIGN_STYLE = Automatic;
				CURRENT_PROJECT_VERSION = 1;
				DEVELOPMENT_TEAM = DBK476475Y;
				GENERATE_INFOPLIST_FILE = YES;
				MARKETING_VERSION = 1.0;
				PRODUCT_BUNDLE_IDENTIFIER = com.lukevanin.CitySearchUITests;
				PRODUCT_NAME = "$(TARGET_NAME)";
				SWIFT_EMIT_LOC_STRINGS = NO;
				SWIFT_VERSION = 5.0;
				TARGETED_DEVICE_FAMILY = "1,2";
				TEST_TARGET_NAME = CitySearch;
			};
			name = Debug;
		};
		FC660C7B284F88490074A213 /* Release */ = {
			isa = XCBuildConfiguration;
			buildSettings = {
				ALWAYS_EMBED_SWIFT_STANDARD_LIBRARIES = YES;
				CODE_SIGN_STYLE = Automatic;
				CURRENT_PROJECT_VERSION = 1;
				DEVELOPMENT_TEAM = DBK476475Y;
				GENERATE_INFOPLIST_FILE = YES;
				MARKETING_VERSION = 1.0;
				PRODUCT_BUNDLE_IDENTIFIER = com.lukevanin.CitySearchUITests;
				PRODUCT_NAME = "$(TARGET_NAME)";
				SWIFT_EMIT_LOC_STRINGS = NO;
				SWIFT_VERSION = 5.0;
				TARGETED_DEVICE_FAMILY = "1,2";
				TEST_TARGET_NAME = CitySearch;
			};
			name = Release;
		};
/* End XCBuildConfiguration section */

/* Begin XCConfigurationList section */
		FC660C44284F88470074A213 /* Build configuration list for PBXProject "CitySearch" */ = {
			isa = XCConfigurationList;
			buildConfigurations = (
				FC660C71284F88490074A213 /* Debug */,
				FC660C72284F88490074A213 /* Release */,
			);
			defaultConfigurationIsVisible = 0;
			defaultConfigurationName = Release;
		};
		FC660C73284F88490074A213 /* Build configuration list for PBXNativeTarget "CitySearch" */ = {
			isa = XCConfigurationList;
			buildConfigurations = (
				FC660C74284F88490074A213 /* Debug */,
				FC660C75284F88490074A213 /* Release */,
			);
			defaultConfigurationIsVisible = 0;
			defaultConfigurationName = Release;
		};
		FC660C76284F88490074A213 /* Build configuration list for PBXNativeTarget "CitySearchTests" */ = {
			isa = XCConfigurationList;
			buildConfigurations = (
				FC660C77284F88490074A213 /* Debug */,
				FC660C78284F88490074A213 /* Release */,
			);
			defaultConfigurationIsVisible = 0;
			defaultConfigurationName = Release;
		};
		FC660C79284F88490074A213 /* Build configuration list for PBXNativeTarget "CitySearchUITests" */ = {
			isa = XCConfigurationList;
			buildConfigurations = (
				FC660C7A284F88490074A213 /* Debug */,
				FC660C7B284F88490074A213 /* Release */,
			);
			defaultConfigurationIsVisible = 0;
			defaultConfigurationName = Release;
		};
/* End XCConfigurationList section */
	};
	rootObject = FC660C41284F88470074A213 /* Project object */;
}
